
Microsoft Visual Studio Solution File, Format Version 12.00
# Visual Studio 15
VisualStudioVersion = 15.0.28010.2016
MinimumVisualStudioVersion = 10.0.40219.1
Project("{FAE04EC0-301F-11D3-BF4B-00C04F79EFBC}") = "Database", "Database\Database.csproj", "{9BF9EB73-A17D-457F-A53F-A0397A3AAABF}"
EndProject
Project("{2150E333-8FDC-42A3-9474-1A3956D46DE8}") = "docs", "docs", "{266E4893-64E0-439B-81BB-AB8F1EF74CAD}"
EndProject
Global
	GlobalSection(SolutionConfigurationPlatforms) = preSolution
		Debug|Any CPU = Debug|Any CPU
		Release|Any CPU = Release|Any CPU
	EndGlobalSection
	GlobalSection(ProjectConfigurationPlatforms) = postSolution
		{9BF9EB73-A17D-457F-A53F-A0397A3AAABF}.Debug|Any CPU.ActiveCfg = Debug|Any CPU
		{9BF9EB73-A17D-457F-A53F-A0397A3AAABF}.Debug|Any CPU.Build.0 = Debug|Any CPU
		{9BF9EB73-A17D-457F-A53F-A0397A3AAABF}.Release|Any CPU.ActiveCfg = Release|Any CPU
		{9BF9EB73-A17D-457F-A53F-A0397A3AAABF}.Release|Any CPU.Build.0 = Release|Any CPU
	EndGlobalSection
	GlobalSection(SolutionProperties) = preSolution
		HideSolutionNode = FALSE
	EndGlobalSection
	GlobalSection(ExtensibilityGlobals) = postSolution
		SolutionGuid = {275FD0EB-3E70-4715-9AF2-89E6B59C2041}
	EndGlobalSection
EndGlobal
